{
  "pins" : [
    {
      "identity" : "alerttoast",
      "kind" : "remoteSourceControl",
      "location" : "https://github.com/elai950/AlertToast.git",
      "state" : {
        "branch" : "master",
        "revision" : "a437862bb6605080a5816e866cbd4ac8c8657b49"
      }
    },
    {
      "identity" : "sqlite.swift",
      "kind" : "remoteSourceControl",
      "location" : "https://github.com/stephencelis/SQLite.swift.git",
      "state" : {
        "revision" : "4d543d811ee644fa4cc4bfa0be996b4dd6ba0f54",
        "version" : "0.13.3"
      }
    }
  ],
  "version" : 2
}
