// !$*UTF8*$!
{
	archiveVersion = 1;
	classes = {
	};
	objectVersion = 56;
	objects = {

/* Begin PBXBuildFile section */
		778AC2622A3C912A0021BCD8 /* _77WrapperApp.swift in Sources */ = {isa = PBXBuildFile; fileRef = 778AC2612A3C912A0021BCD8 /* _77WrapperApp.swift */; };
		778AC2642A3C912A0021BCD8 /* MainView.swift in Sources */ = {isa = PBXBuildFile; fileRef = 778AC2632A3C912A0021BCD8 /* MainView.swift */; };
		778AC2662A3C912C0021BCD8 /* Assets.xcassets in Resources */ = {isa = PBXBuildFile; fileRef = 778AC2652A3C912C0021BCD8 /* Assets.xcassets */; };
		778AC2692A3C912C0021BCD8 /* Preview Assets.xcassets in Resources */ = {isa = PBXBuildFile; fileRef = 778AC2682A3C912C0021BCD8 /* Preview Assets.xcassets */; };
		778AC2722A3C97C20021BCD8 /* ViewModel.swift in Sources */ = {isa = PBXBuildFile; fileRef = 778AC2712A3C97C20021BCD8 /* ViewModel.swift */; };
		778AC2742A3C9A350021BCD8 /* HeaderView.swift in Sources */ = {isa = PBXBuildFile; fileRef = 778AC2732A3C9A350021BCD8 /* HeaderView.swift */; };
		778AC27A2A4089900021BCD8 /* SwiftSoup in Frameworks */ = {isa = PBXBuildFile; productRef = 778AC2792A4089900021BCD8 /* SwiftSoup */; };
/* End PBXBuildFile section */

/* Begin PBXFileReference section */
		778AC25E2A3C912A0021BCD8 /* 777Wrapper.app */ = {isa = PBXFileReference; explicitFileType = wrapper.application; includeInIndex = 0; path = 777Wrapper.app; sourceTree = BUILT_PRODUCTS_DIR; };
		778AC2612A3C912A0021BCD8 /* _77WrapperApp.swift */ = {isa = PBXFileReference; lastKnownFileType = sourcecode.swift; path = _77WrapperApp.swift; sourceTree = "<group>"; };
		778AC2632A3C912A0021BCD8 /* MainView.swift */ = {isa = PBXFileReference; lastKnownFileType = sourcecode.swift; path = MainView.swift; sourceTree = "<group>"; };
		778AC2652A3C912C0021BCD8 /* Assets.xcassets */ = {isa = PBXFileReference; lastKnownFileType = folder.assetcatalog; path = Assets.xcassets; sourceTree = "<group>"; };
		778AC2682A3C912C0021BCD8 /* Preview Assets.xcassets */ = {isa = PBXFileReference; lastKnownFileType = folder.assetcatalog; path = "Preview Assets.xcassets"; sourceTree = "<group>"; };
		778AC2712A3C97C20021BCD8 /* ViewModel.swift */ = {isa = PBXFileReference; lastKnownFileType = sourcecode.swift; path = ViewModel.swift; sourceTree = "<group>"; };
		778AC2732A3C9A350021BCD8 /* HeaderView.swift */ = {isa = PBXFileReference; lastKnownFileType = sourcecode.swift; path = HeaderView.swift; sourceTree = "<group>"; };
		778AC2772A4085D20021BCD8 /* -77Wrapper-Info.plist */ = {isa = PBXFileReference; lastKnownFileType = text.plist; path = "-77Wrapper-Info.plist"; sourceTree = SOURCE_ROOT; };
/* End PBXFileReference section */

/* Begin PBXFrameworksBuildPhase section */
		778AC25B2A3C912A0021BCD8 /* Frameworks */ = {
			isa = PBXFrameworksBuildPhase;
			buildActionMask = 2147483647;
			files = (
				778AC27A2A4089900021BCD8 /* SwiftSoup in Frameworks */,
			);
			runOnlyForDeploymentPostprocessing = 0;
		};
/* End PBXFrameworksBuildPhase section */

/* Begin PBXGroup section */
		778AC2552A3C91290021BCD8 = {
			isa = PBXGroup;
			children = (
				778AC2602A3C912A0021BCD8 /* 777Wrapper */,
				778AC25F2A3C912A0021BCD8 /* Products */,
			);
			sourceTree = "<group>";
		};
		778AC25F2A3C912A0021BCD8 /* Products */ = {
			isa = PBXGroup;
			children = (
				778AC25E2A3C912A0021BCD8 /* 777Wrapper.app */,
			);
			name = Products;
			sourceTree = "<group>";
		};
		778AC2602A3C912A0021BCD8 /* 777Wrapper */ = {
			isa = PBXGroup;
			children = (
				778AC2772A4085D20021BCD8 /* -77Wrapper-Info.plist */,
				778AC2612A3C912A0021BCD8 /* _77WrapperApp.swift */,
				778AC2702A3C97B00021BCD8 /* Entities */,
				778AC26F2A3C978B0021BCD8 /* Views */,
				778AC2652A3C912C0021BCD8 /* Assets.xcassets */,
				778AC2672A3C912C0021BCD8 /* Preview Content */,
			);
			path = 777Wrapper;
			sourceTree = "<group>";
		};
		778AC2672A3C912C0021BCD8 /* Preview Content */ = {
			isa = PBXGroup;
			children = (
				778AC2682A3C912C0021BCD8 /* Preview Assets.xcassets */,
			);
			path = "Preview Content";
			sourceTree = "<group>";
		};
		778AC26F2A3C978B0021BCD8 /* Views */ = {
			isa = PBXGroup;
			children = (
				778AC2632A3C912A0021BCD8 /* MainView.swift */,
				778AC2732A3C9A350021BCD8 /* HeaderView.swift */,
			);
			path = Views;
			sourceTree = "<group>";
		};
		778AC2702A3C97B00021BCD8 /* Entities */ = {
			isa = PBXGroup;
			children = (
				778AC2712A3C97C20021BCD8 /* ViewModel.swift */,
			);
			path = Entities;
			sourceTree = "<group>";
		};
/* End PBXGroup section */

/* Begin PBXNativeTarget section */
		778AC25D2A3C912A0021BCD8 /* 777Wrapper */ = {
			isa = PBXNativeTarget;
			buildConfigurationList = 778AC26C2A3C912C0021BCD8 /* Build configuration list for PBXNativeTarget "777Wrapper" */;
			buildPhases = (
				778AC25A2A3C912A0021BCD8 /* Sources */,
				778AC25B2A3C912A0021BCD8 /* Frameworks */,
				778AC25C2A3C912A0021BCD8 /* Resources */,
			);
			buildRules = (
			);
			dependencies = (
			);
			name = 777Wrapper;
			packageProductDependencies = (
				778AC2792A4089900021BCD8 /* SwiftSoup */,
			);
			productName = 777Wrapper;
			productReference = 778AC25E2A3C912A0021BCD8 /* 777Wrapper.app */;
			productType = "com.apple.product-type.application";
		};
/* End PBXNativeTarget section */

/* Begin PBXProject section */
		778AC2562A3C91290021BCD8 /* Project object */ = {
			isa = PBXProject;
			attributes = {
				BuildIndependentTargetsInParallel = 1;
				LastSwiftUpdateCheck = 1420;
				LastUpgradeCheck = 1420;
				TargetAttributes = {
					778AC25D2A3C912A0021BCD8 = {
						CreatedOnToolsVersion = 14.2;
					};
				};
			};
			buildConfigurationList = 778AC2592A3C91290021BCD8 /* Build configuration list for PBXProject "777Wrapper" */;
			compatibilityVersion = "Xcode 14.0";
			developmentRegion = en;
			hasScannedForEncodings = 0;
			knownRegions = (
				en,
				Base,
			);
			mainGroup = 778AC2552A3C91290021BCD8;
			packageReferences = (
				778AC2782A4089900021BCD8 /* XCRemoteSwiftPackageReference "SwiftSoup" */,
			);
			productRefGroup = 778AC25F2A3C912A0021BCD8 /* Products */;
			projectDirPath = "";
			projectRoot = "";
			targets = (
				778AC25D2A3C912A0021BCD8 /* 777Wrapper */,
			);
		};
/* End PBXProject section */

/* Begin PBXResourcesBuildPhase section */
		778AC25C2A3C912A0021BCD8 /* Resources */ = {
			isa = PBXResourcesBuildPhase;
			buildActionMask = 2147483647;
			files = (
				778AC2692A3C912C0021BCD8 /* Preview Assets.xcassets in Resources */,
				778AC2662A3C912C0021BCD8 /* Assets.xcassets in Resources */,
			);
			runOnlyForDeploymentPostprocessing = 0;
		};
/* End PBXResourcesBuildPhase section */

/* Begin PBXSourcesBuildPhase section */
		778AC25A2A3C912A0021BCD8 /* Sources */ = {
			isa = PBXSourcesBuildPhase;
			buildActionMask = 2147483647;
			files = (
				778AC2642A3C912A0021BCD8 /* MainView.swift in Sources */,
				778AC2722A3C97C20021BCD8 /* ViewModel.swift in Sources */,
				778AC2622A3C912A0021BCD8 /* _77WrapperApp.swift in Sources */,
				778AC2742A3C9A350021BCD8 /* HeaderView.swift in Sources */,
			);
			runOnlyForDeploymentPostprocessing = 0;
		};
/* End PBXSourcesBuildPhase section */

/* Begin XCBuildConfiguration section */
		778AC26A2A3C912C0021BCD8 /* Debug */ = {
			isa = XCBuildConfiguration;
			buildSettings = {
				ALWAYS_SEARCH_USER_PATHS = NO;
				CLANG_ANALYZER_NONNULL = YES;
				CLANG_ANALYZER_NUMBER_OBJECT_CONVERSION = YES_AGGRESSIVE;
				CLANG_CXX_LANGUAGE_STANDARD = "gnu++20";
				CLANG_ENABLE_MODULES = YES;
				CLANG_ENABLE_OBJC_ARC = YES;
				CLANG_ENABLE_OBJC_WEAK = YES;
				CLANG_WARN_BLOCK_CAPTURE_AUTORELEASING = YES;
				CLANG_WARN_BOOL_CONVERSION = YES;
				CLANG_WARN_COMMA = YES;
				CLANG_WARN_CONSTANT_CONVERSION = YES;
				CLANG_WARN_DEPRECATED_OBJC_IMPLEMENTATIONS = YES;
				CLANG_WARN_DIRECT_OBJC_ISA_USAGE = YES_ERROR;
				CLANG_WARN_DOCUMENTATION_COMMENTS = YES;
				CLANG_WARN_EMPTY_BODY = YES;
				CLANG_WARN_ENUM_CONVERSION = YES;
				CLANG_WARN_INFINITE_RECURSION = YES;
				CLANG_WARN_INT_CONVERSION = YES;
				CLANG_WARN_NON_LITERAL_NULL_CONVERSION = YES;
				CLANG_WARN_OBJC_IMPLICIT_RETAIN_SELF = YES;
				CLANG_WARN_OBJC_LITERAL_CONVERSION = YES;
				CLANG_WARN_OBJC_ROOT_CLASS = YES_ERROR;
				CLANG_WARN_QUOTED_INCLUDE_IN_FRAMEWORK_HEADER = YES;
				CLANG_WARN_RANGE_LOOP_ANALYSIS = YES;
				CLANG_WARN_STRICT_PROTOTYPES = YES;
				CLANG_WARN_SUSPICIOUS_MOVE = YES;
				CLANG_WARN_UNGUARDED_AVAILABILITY = YES_AGGRESSIVE;
				CLANG_WARN_UNREACHABLE_CODE = YES;
				CLANG_WARN__DUPLICATE_METHOD_MATCH = YES;
				COPY_PHASE_STRIP = NO;
				DEBUG_INFORMATION_FORMAT = dwarf;
				ENABLE_STRICT_OBJC_MSGSEND = YES;
				ENABLE_TESTABILITY = YES;
				GCC_C_LANGUAGE_STANDARD = gnu11;
				GCC_DYNAMIC_NO_PIC = NO;
				GCC_NO_COMMON_BLOCKS = YES;
				GCC_OPTIMIZATION_LEVEL = 0;
				GCC_PREPROCESSOR_DEFINITIONS = (
					"DEBUG=1",
					"$(inherited)",
				);
				GCC_WARN_64_TO_32_BIT_CONVERSION = YES;
				GCC_WARN_ABOUT_RETURN_TYPE = YES_ERROR;
				GCC_WARN_UNDECLARED_SELECTOR = YES;
				GCC_WARN_UNINITIALIZED_AUTOS = YES_AGGRESSIVE;
				GCC_WARN_UNUSED_FUNCTION = YES;
				GCC_WARN_UNUSED_VARIABLE = YES;
				IPHONEOS_DEPLOYMENT_TARGET = 16.1;
				MTL_ENABLE_DEBUG_INFO = INCLUDE_SOURCE;
				MTL_FAST_MATH = YES;
				ONLY_ACTIVE_ARCH = YES;
				SDKROOT = iphoneos;
				SWIFT_ACTIVE_COMPILATION_CONDITIONS = DEBUG;
				SWIFT_OPTIMIZATION_LEVEL = "-Onone";
			};
			name = Debug;
		};
		778AC26B2A3C912C0021BCD8 /* Release */ = {
			isa = XCBuildConfiguration;
			buildSettings = {
				ALWAYS_SEARCH_USER_PATHS = NO;
				CLANG_ANALYZER_NONNULL = YES;
				CLANG_ANALYZER_NUMBER_OBJECT_CONVERSION = YES_AGGRESSIVE;
				CLANG_CXX_LANGUAGE_STANDARD = "gnu++20";
				CLANG_ENABLE_MODULES = YES;
				CLANG_ENABLE_OBJC_ARC = YES;
				CLANG_ENABLE_OBJC_WEAK = YES;
				CLANG_WARN_BLOCK_CAPTURE_AUTORELEASING = YES;
				CLANG_WARN_BOOL_CONVERSION = YES;
				CLANG_WARN_COMMA = YES;
				CLANG_WARN_CONSTANT_CONVERSION = YES;
				CLANG_WARN_DEPRECATED_OBJC_IMPLEMENTATIONS = YES;
				CLANG_WARN_DIRECT_OBJC_ISA_USAGE = YES_ERROR;
				CLANG_WARN_DOCUMENTATION_COMMENTS = YES;
				CLANG_WARN_EMPTY_BODY = YES;
				CLANG_WARN_ENUM_CONVERSION = YES;
				CLANG_WARN_INFINITE_RECURSION = YES;
				CLANG_WARN_INT_CONVERSION = YES;
				CLANG_WARN_NON_LITERAL_NULL_CONVERSION = YES;
				CLANG_WARN_OBJC_IMPLICIT_RETAIN_SELF = YES;
				CLANG_WARN_OBJC_LITERAL_CONVERSION = YES;
				CLANG_WARN_OBJC_ROOT_CLASS = YES_ERROR;
				CLANG_WARN_QUOTED_INCLUDE_IN_FRAMEWORK_HEADER = YES;
				CLANG_WARN_RANGE_LOOP_ANALYSIS = YES;
				CLANG_WARN_STRICT_PROTOTYPES = YES;
				CLANG_WARN_SUSPICIOUS_MOVE = YES;
				CLANG_WARN_UNGUARDED_AVAILABILITY = YES_AGGRESSIVE;
				CLANG_WARN_UNREACHABLE_CODE = YES;
				CLANG_WARN__DUPLICATE_METHOD_MATCH = YES;
				COPY_PHASE_STRIP = NO;
				DEBUG_INFORMATION_FORMAT = "dwarf-with-dsym";
				ENABLE_NS_ASSERTIONS = NO;
				ENABLE_STRICT_OBJC_MSGSEND = YES;
				GCC_C_LANGUAGE_STANDARD = gnu11;
				GCC_NO_COMMON_BLOCKS = YES;
				GCC_WARN_64_TO_32_BIT_CONVERSION = YES;
				GCC_WARN_ABOUT_RETURN_TYPE = YES_ERROR;
				GCC_WARN_UNDECLARED_SELECTOR = YES;
				GCC_WARN_UNINITIALIZED_AUTOS = YES_AGGRESSIVE;
				GCC_WARN_UNUSED_FUNCTION = YES;
				GCC_WARN_UNUSED_VARIABLE = YES;
				IPHONEOS_DEPLOYMENT_TARGET = 16.1;
				MTL_ENABLE_DEBUG_INFO = NO;
				MTL_FAST_MATH = YES;
				SDKROOT = iphoneos;
				SWIFT_COMPILATION_MODE = wholemodule;
				SWIFT_OPTIMIZATION_LEVEL = "-O";
				VALIDATE_PRODUCT = YES;
			};
			name = Release;
		};
		778AC26D2A3C912C0021BCD8 /* Debug */ = {
			isa = XCBuildConfiguration;
			buildSettings = {
				ASSETCATALOG_COMPILER_APPICON_NAME = AppIcon;
				ASSETCATALOG_COMPILER_GLOBAL_ACCENT_COLOR_NAME = AccentColor;
				CODE_SIGN_STYLE = Automatic;
				CURRENT_PROJECT_VERSION = 1;
				DEVELOPMENT_ASSET_PATHS = "\"777Wrapper/Preview Content\"";
				DEVELOPMENT_TEAM = 3HB5QSVL8C;
				ENABLE_PREVIEWS = YES;
				GENERATE_INFOPLIST_FILE = YES;
				INFOPLIST_FILE = "-77Wrapper-Info.plist";
				INFOPLIST_KEY_UIApplicationSceneManifest_Generation = YES;
				INFOPLIST_KEY_UIApplicationSupportsIndirectInputEvents = YES;
				INFOPLIST_KEY_UILaunchScreen_Generation = YES;
				INFOPLIST_KEY_UISupportedInterfaceOrientations_iPad = "UIInterfaceOrientationPortrait UIInterfaceOrientationPortraitUpsideDown UIInterfaceOrientationLandscapeLeft UIInterfaceOrientationLandscapeRight";
				INFOPLIST_KEY_UISupportedInterfaceOrientations_iPhone = "UIInterfaceOrientationPortrait UIInterfaceOrientationLandscapeLeft UIInterfaceOrientationLandscapeRight";
				LD_RUNPATH_SEARCH_PATHS = (
					"$(inherited)",
					"@executable_path/Frameworks",
				);
				MARKETING_VERSION = 1.0;
				PRODUCT_BUNDLE_IDENTIFIER = "com.gerchik.artyom.-77Wrapper";
				PRODUCT_NAME = "$(TARGET_NAME)";
				SWIFT_EMIT_LOC_STRINGS = YES;
				SWIFT_VERSION = 5.0;
				TARGETED_DEVICE_FAMILY = "1,2";
			};
			name = Debug;
		};
		778AC26E2A3C912C0021BCD8 /* Release */ = {
			isa = XCBuildConfiguration;
			buildSettings = {
				ASSETCATALOG_COMPILER_APPICON_NAME = AppIcon;
				ASSETCATALOG_COMPILER_GLOBAL_ACCENT_COLOR_NAME = AccentColor;
				CODE_SIGN_STYLE = Automatic;
				CURRENT_PROJECT_VERSION = 1;
				DEVELOPMENT_ASSET_PATHS = "\"777Wrapper/Preview Content\"";
				DEVELOPMENT_TEAM = 3HB5QSVL8C;
				ENABLE_PREVIEWS = YES;
				GENERATE_INFOPLIST_FILE = YES;
				INFOPLIST_FILE = "-77Wrapper-Info.plist";
				INFOPLIST_KEY_UIApplicationSceneManifest_Generation = YES;
				INFOPLIST_KEY_UIApplicationSupportsIndirectInputEvents = YES;
				INFOPLIST_KEY_UILaunchScreen_Generation = YES;
				INFOPLIST_KEY_UISupportedInterfaceOrientations_iPad = "UIInterfaceOrientationPortrait UIInterfaceOrientationPortraitUpsideDown UIInterfaceOrientationLandscapeLeft UIInterfaceOrientationLandscapeRight";
				INFOPLIST_KEY_UISupportedInterfaceOrientations_iPhone = "UIInterfaceOrientationPortrait UIInterfaceOrientationLandscapeLeft UIInterfaceOrientationLandscapeRight";
				LD_RUNPATH_SEARCH_PATHS = (
					"$(inherited)",
					"@executable_path/Frameworks",
				);
				MARKETING_VERSION = 1.0;
				PRODUCT_BUNDLE_IDENTIFIER = "com.gerchik.artyom.-77Wrapper";
				PRODUCT_NAME = "$(TARGET_NAME)";
				SWIFT_EMIT_LOC_STRINGS = YES;
				SWIFT_VERSION = 5.0;
				TARGETED_DEVICE_FAMILY = "1,2";
			};
			name = Release;
		};
/* End XCBuildConfiguration section */

/* Begin XCConfigurationList section */
		778AC2592A3C91290021BCD8 /* Build configuration list for PBXProject "777Wrapper" */ = {
			isa = XCConfigurationList;
			buildConfigurations = (
				778AC26A2A3C912C0021BCD8 /* Debug */,
				778AC26B2A3C912C0021BCD8 /* Release */,
			);
			defaultConfigurationIsVisible = 0;
			defaultConfigurationName = Release;
		};
		778AC26C2A3C912C0021BCD8 /* Build configuration list for PBXNativeTarget "777Wrapper" */ = {
			isa = XCConfigurationList;
			buildConfigurations = (
				778AC26D2A3C912C0021BCD8 /* Debug */,
				778AC26E2A3C912C0021BCD8 /* Release */,
			);
			defaultConfigurationIsVisible = 0;
			defaultConfigurationName = Release;
		};
/* End XCConfigurationList section */

/* Begin XCRemoteSwiftPackageReference section */
		778AC2782A4089900021BCD8 /* XCRemoteSwiftPackageReference "SwiftSoup" */ = {
			isa = XCRemoteSwiftPackageReference;
			repositoryURL = "https://github.com/scinfu/SwiftSoup.git";
			requirement = {
				kind = upToNextMajorVersion;
				minimumVersion = 2.0.0;
			};
		};
/* End XCRemoteSwiftPackageReference section */

/* Begin XCSwiftPackageProductDependency section */
		778AC2792A4089900021BCD8 /* SwiftSoup */ = {
			isa = XCSwiftPackageProductDependency;
			package = 778AC2782A4089900021BCD8 /* XCRemoteSwiftPackageReference "SwiftSoup" */;
			productName = SwiftSoup;
		};
/* End XCSwiftPackageProductDependency section */
	};
	rootObject = 778AC2562A3C91290021BCD8 /* Project object */;
}
